
Microsoft Visual Studio Solution File, Format Version 12.00
# Visual Studio 15
VisualStudioVersion = 15.0.26124.0
MinimumVisualStudioVersion = 15.0.26124.0
Project("{FAE04EC0-301F-11D3-BF4B-00C04F79EFBC}") = "proj1forchap7", "proj1forchap7\proj1forchap7.csproj", "{194BF0BF-BCB8-4E4C-BF29-0949A997D940}"
EndProject
Project("{FAE04EC0-301F-11D3-BF4B-00C04F79EFBC}") = "proj1forchap7_Test", "proj1forchap7_Test\proj1forchap7_Test.csproj", "{576B0793-4F6D-4B47-A88D-E973C6D98888}"
EndProject
Global
	GlobalSection(SolutionConfigurationPlatforms) = preSolution
		Debug|Any CPU = Debug|Any CPU
		Debug|x64 = Debug|x64
		Debug|x86 = Debug|x86
		Release|Any CPU = Release|Any CPU
		Release|x64 = Release|x64
		Release|x86 = Release|x86
	EndGlobalSection
	GlobalSection(SolutionProperties) = preSolution
		HideSolutionNode = FALSE
	EndGlobalSection
	GlobalSection(ProjectConfigurationPlatforms) = postSolution
		{194BF0BF-BCB8-4E4C-BF29-0949A997D940}.Debug|Any CPU.ActiveCfg = Debug|Any CPU
		{194BF0BF-BCB8-4E4C-BF29-0949A997D940}.Debug|Any CPU.Build.0 = Debug|Any CPU
		{194BF0BF-BCB8-4E4C-BF29-0949A997D940}.Debug|x64.ActiveCfg = Debug|Any CPU
		{194BF0BF-BCB8-4E4C-BF29-0949A997D940}.Debug|x64.Build.0 = Debug|Any CPU
		{194BF0BF-BCB8-4E4C-BF29-0949A997D940}.Debug|x86.ActiveCfg = Debug|Any CPU
		{194BF0BF-BCB8-4E4C-BF29-0949A997D940}.Debug|x86.Build.0 = Debug|Any CPU
		{194BF0BF-BCB8-4E4C-BF29-0949A997D940}.Release|Any CPU.ActiveCfg = Release|Any CPU
		{194BF0BF-BCB8-4E4C-BF29-0949A997D940}.Release|Any CPU.Build.0 = Release|Any CPU
		{194BF0BF-BCB8-4E4C-BF29-0949A997D940}.Release|x64.ActiveCfg = Release|Any CPU
		{194BF0BF-BCB8-4E4C-BF29-0949A997D940}.Release|x64.Build.0 = Release|Any CPU
		{194BF0BF-BCB8-4E4C-BF29-0949A997D940}.Release|x86.ActiveCfg = Release|Any CPU
		{194BF0BF-BCB8-4E4C-BF29-0949A997D940}.Release|x86.Build.0 = Release|Any CPU
		{576B0793-4F6D-4B47-A88D-E973C6D98888}.Debug|Any CPU.ActiveCfg = Debug|Any CPU
		{576B0793-4F6D-4B47-A88D-E973C6D98888}.Debug|Any CPU.Build.0 = Debug|Any CPU
		{576B0793-4F6D-4B47-A88D-E973C6D98888}.Debug|x64.ActiveCfg = Debug|Any CPU
		{576B0793-4F6D-4B47-A88D-E973C6D98888}.Debug|x64.Build.0 = Debug|Any CPU
		{576B0793-4F6D-4B47-A88D-E973C6D98888}.Debug|x86.ActiveCfg = Debug|Any CPU
		{576B0793-4F6D-4B47-A88D-E973C6D98888}.Debug|x86.Build.0 = Debug|Any CPU
		{576B0793-4F6D-4B47-A88D-E973C6D98888}.Release|Any CPU.ActiveCfg = Release|Any CPU
		{576B0793-4F6D-4B47-A88D-E973C6D98888}.Release|Any CPU.Build.0 = Release|Any CPU
		{576B0793-4F6D-4B47-A88D-E973C6D98888}.Release|x64.ActiveCfg = Release|Any CPU
		{576B0793-4F6D-4B47-A88D-E973C6D98888}.Release|x64.Build.0 = Release|Any CPU
		{576B0793-4F6D-4B47-A88D-E973C6D98888}.Release|x86.ActiveCfg = Release|Any CPU
		{576B0793-4F6D-4B47-A88D-E973C6D98888}.Release|x86.Build.0 = Release|Any CPU
	EndGlobalSection
EndGlobal
